// !$*UTF8*$!
{
	archiveVersion = 1;
	classes = {
	};
	objectVersion = 50;
	objects = {

/* Begin PBXBuildFile section */
		741B3A332213590900263B10 /* AppDelegate.swift in Sources */ = {isa = PBXBuildFile; fileRef = 741B3A322213590900263B10 /* AppDelegate.swift */; };
		741B3A352213590900263B10 /* ViewController.swift in Sources */ = {isa = PBXBuildFile; fileRef = 741B3A342213590900263B10 /* ViewController.swift */; };
		741B3A382213590900263B10 /* Main.storyboard in Resources */ = {isa = PBXBuildFile; fileRef = 741B3A362213590900263B10 /* Main.storyboard */; };
		741B3A3B2213590900263B10 /* g_gmbh_challenge.xcdatamodeld in Sources */ = {isa = PBXBuildFile; fileRef = 741B3A392213590900263B10 /* g_gmbh_challenge.xcdatamodeld */; };
		741B3A3D2213590B00263B10 /* Assets.xcassets in Resources */ = {isa = PBXBuildFile; fileRef = 741B3A3C2213590B00263B10 /* Assets.xcassets */; };
		741B3A402213590B00263B10 /* LaunchScreen.storyboard in Resources */ = {isa = PBXBuildFile; fileRef = 741B3A3E2213590B00263B10 /* LaunchScreen.storyboard */; };
		741B3A4B221359A600263B10 /* BaseEntity.swift in Sources */ = {isa = PBXBuildFile; fileRef = 741B3A4A221359A600263B10 /* BaseEntity.swift */; };
		741B3A4D221359B500263B10 /* BasePresenter.swift in Sources */ = {isa = PBXBuildFile; fileRef = 741B3A4C221359B500263B10 /* BasePresenter.swift */; };
		741B3A4F221359C100263B10 /* BaseInteractor.swift in Sources */ = {isa = PBXBuildFile; fileRef = 741B3A4E221359C100263B10 /* BaseInteractor.swift */; };
		741B3A51221359CF00263B10 /* BaseWireframe.swift in Sources */ = {isa = PBXBuildFile; fileRef = 741B3A50221359CF00263B10 /* BaseWireframe.swift */; };
		741B3A53221359DD00263B10 /* BaseViewController.swift in Sources */ = {isa = PBXBuildFile; fileRef = 741B3A52221359DD00263B10 /* BaseViewController.swift */; };
		741B3A5B22135ABC00263B10 /* Constants.swift in Sources */ = {isa = PBXBuildFile; fileRef = 741B3A5A22135ABC00263B10 /* Constants.swift */; };
		741B3A5D22135ACA00263B10 /* Extentions.swift in Sources */ = {isa = PBXBuildFile; fileRef = 741B3A5C22135ACA00263B10 /* Extentions.swift */; };
		741B3A5F22135AE100263B10 /* APIClient.swift in Sources */ = {isa = PBXBuildFile; fileRef = 741B3A5E22135AE100263B10 /* APIClient.swift */; };
		741B3A6622135BD800263B10 /* ProductsWireframe.swift in Sources */ = {isa = PBXBuildFile; fileRef = 741B3A6522135BD800263B10 /* ProductsWireframe.swift */; };
		741B3A6822135BFE00263B10 /* Product.swift in Sources */ = {isa = PBXBuildFile; fileRef = 741B3A6722135BFE00263B10 /* Product.swift */; };
		741B3A6A22135C1700263B10 /* ProductsInteractor.swift in Sources */ = {isa = PBXBuildFile; fileRef = 741B3A6922135C1700263B10 /* ProductsInteractor.swift */; };
		741B3A6C22135C2A00263B10 /* ProductsPresenter.swift in Sources */ = {isa = PBXBuildFile; fileRef = 741B3A6B22135C2A00263B10 /* ProductsPresenter.swift */; };
		741B3A6F22135C7200263B10 /* ProductsListViewController.swift in Sources */ = {isa = PBXBuildFile; fileRef = 741B3A6D22135C7200263B10 /* ProductsListViewController.swift */; };
		741B3A7022135C7200263B10 /* ProductsListViewController.xib in Resources */ = {isa = PBXBuildFile; fileRef = 741B3A6E22135C7200263B10 /* ProductsListViewController.xib */; };
		741B3A7322135C8500263B10 /* ProductDetailsViewController.swift in Sources */ = {isa = PBXBuildFile; fileRef = 741B3A7122135C8500263B10 /* ProductDetailsViewController.swift */; };
		741B3A7422135C8500263B10 /* ProductDetailsViewController.xib in Resources */ = {isa = PBXBuildFile; fileRef = 741B3A7222135C8500263B10 /* ProductDetailsViewController.xib */; };
/* End PBXBuildFile section */

/* Begin PBXFileReference section */
		741B3A2F2213590900263B10 /* g-gmbh-challenge.app */ = {isa = PBXFileReference; explicitFileType = wrapper.application; includeInIndex = 0; path = "g-gmbh-challenge.app"; sourceTree = BUILT_PRODUCTS_DIR; };
		741B3A322213590900263B10 /* AppDelegate.swift */ = {isa = PBXFileReference; lastKnownFileType = sourcecode.swift; path = AppDelegate.swift; sourceTree = "<group>"; };
		741B3A342213590900263B10 /* ViewController.swift */ = {isa = PBXFileReference; lastKnownFileType = sourcecode.swift; path = ViewController.swift; sourceTree = "<group>"; };
		741B3A372213590900263B10 /* Base */ = {isa = PBXFileReference; lastKnownFileType = file.storyboard; name = Base; path = Base.lproj/Main.storyboard; sourceTree = "<group>"; };
		741B3A3A2213590900263B10 /* g_gmbh_challenge.xcdatamodel */ = {isa = PBXFileReference; lastKnownFileType = wrapper.xcdatamodel; path = g_gmbh_challenge.xcdatamodel; sourceTree = "<group>"; };
		741B3A3C2213590B00263B10 /* Assets.xcassets */ = {isa = PBXFileReference; lastKnownFileType = folder.assetcatalog; path = Assets.xcassets; sourceTree = "<group>"; };
		741B3A3F2213590B00263B10 /* Base */ = {isa = PBXFileReference; lastKnownFileType = file.storyboard; name = Base; path = Base.lproj/LaunchScreen.storyboard; sourceTree = "<group>"; };
		741B3A412213590B00263B10 /* Info.plist */ = {isa = PBXFileReference; lastKnownFileType = text.plist.xml; path = Info.plist; sourceTree = "<group>"; };
		741B3A4A221359A600263B10 /* BaseEntity.swift */ = {isa = PBXFileReference; lastKnownFileType = sourcecode.swift; path = BaseEntity.swift; sourceTree = "<group>"; };
		741B3A4C221359B500263B10 /* BasePresenter.swift */ = {isa = PBXFileReference; lastKnownFileType = sourcecode.swift; path = BasePresenter.swift; sourceTree = "<group>"; };
		741B3A4E221359C100263B10 /* BaseInteractor.swift */ = {isa = PBXFileReference; lastKnownFileType = sourcecode.swift; path = BaseInteractor.swift; sourceTree = "<group>"; };
		741B3A50221359CF00263B10 /* BaseWireframe.swift */ = {isa = PBXFileReference; lastKnownFileType = sourcecode.swift; path = BaseWireframe.swift; sourceTree = "<group>"; };
		741B3A52221359DD00263B10 /* BaseViewController.swift */ = {isa = PBXFileReference; lastKnownFileType = sourcecode.swift; path = BaseViewController.swift; sourceTree = "<group>"; };
		741B3A5A22135ABC00263B10 /* Constants.swift */ = {isa = PBXFileReference; lastKnownFileType = sourcecode.swift; path = Constants.swift; sourceTree = "<group>"; };
		741B3A5C22135ACA00263B10 /* Extentions.swift */ = {isa = PBXFileReference; lastKnownFileType = sourcecode.swift; path = Extentions.swift; sourceTree = "<group>"; };
		741B3A5E22135AE100263B10 /* APIClient.swift */ = {isa = PBXFileReference; lastKnownFileType = sourcecode.swift; path = APIClient.swift; sourceTree = "<group>"; };
		741B3A6522135BD800263B10 /* ProductsWireframe.swift */ = {isa = PBXFileReference; lastKnownFileType = sourcecode.swift; path = ProductsWireframe.swift; sourceTree = "<group>"; };
		741B3A6722135BFE00263B10 /* Product.swift */ = {isa = PBXFileReference; lastKnownFileType = sourcecode.swift; path = Product.swift; sourceTree = "<group>"; };
		741B3A6922135C1700263B10 /* ProductsInteractor.swift */ = {isa = PBXFileReference; lastKnownFileType = sourcecode.swift; path = ProductsInteractor.swift; sourceTree = "<group>"; };
		741B3A6B22135C2A00263B10 /* ProductsPresenter.swift */ = {isa = PBXFileReference; lastKnownFileType = sourcecode.swift; path = ProductsPresenter.swift; sourceTree = "<group>"; };
		741B3A6D22135C7200263B10 /* ProductsListViewController.swift */ = {isa = PBXFileReference; lastKnownFileType = sourcecode.swift; path = ProductsListViewController.swift; sourceTree = "<group>"; };
		741B3A6E22135C7200263B10 /* ProductsListViewController.xib */ = {isa = PBXFileReference; lastKnownFileType = file.xib; path = ProductsListViewController.xib; sourceTree = "<group>"; };
		741B3A7122135C8500263B10 /* ProductDetailsViewController.swift */ = {isa = PBXFileReference; lastKnownFileType = sourcecode.swift; path = ProductDetailsViewController.swift; sourceTree = "<group>"; };
		741B3A7222135C8500263B10 /* ProductDetailsViewController.xib */ = {isa = PBXFileReference; lastKnownFileType = file.xib; path = ProductDetailsViewController.xib; sourceTree = "<group>"; };
/* End PBXFileReference section */

/* Begin PBXFrameworksBuildPhase section */
		741B3A2C2213590900263B10 /* Frameworks */ = {
			isa = PBXFrameworksBuildPhase;
			buildActionMask = 2147483647;
			files = (
			);
			runOnlyForDeploymentPostprocessing = 0;
		};
/* End PBXFrameworksBuildPhase section */

/* Begin PBXGroup section */
		741B3A262213590900263B10 = {
			isa = PBXGroup;
			children = (
				741B3A312213590900263B10 /* g-gmbh-challenge */,
				741B3A302213590900263B10 /* Products */,
			);
			sourceTree = "<group>";
		};
		741B3A302213590900263B10 /* Products */ = {
			isa = PBXGroup;
			children = (
				741B3A2F2213590900263B10 /* g-gmbh-challenge.app */,
			);
			name = Products;
			sourceTree = "<group>";
		};
		741B3A312213590900263B10 /* g-gmbh-challenge */ = {
			isa = PBXGroup;
			children = (
				741B3A472213595100263B10 /* Base */,
				741B3A482213595F00263B10 /* Shared */,
				741B3A492213596700263B10 /* Products Module */,
				741B3A322213590900263B10 /* AppDelegate.swift */,
				741B3A342213590900263B10 /* ViewController.swift */,
				741B3A362213590900263B10 /* Main.storyboard */,
				741B3A3C2213590B00263B10 /* Assets.xcassets */,
				741B3A3E2213590B00263B10 /* LaunchScreen.storyboard */,
				741B3A412213590B00263B10 /* Info.plist */,
				741B3A392213590900263B10 /* g_gmbh_challenge.xcdatamodeld */,
			);
			path = "g-gmbh-challenge";
			sourceTree = "<group>";
		};
		741B3A472213595100263B10 /* Base */ = {
			isa = PBXGroup;
			children = (
				741B3A50221359CF00263B10 /* BaseWireframe.swift */,
				741B3A4A221359A600263B10 /* BaseEntity.swift */,
				741B3A4E221359C100263B10 /* BaseInteractor.swift */,
				741B3A4C221359B500263B10 /* BasePresenter.swift */,
				741B3A52221359DD00263B10 /* BaseViewController.swift */,
			);
			path = Base;
			sourceTree = "<group>";
		};
		741B3A482213595F00263B10 /* Shared */ = {
			isa = PBXGroup;
			children = (
				741B3A5622135A2600263B10 /* Entity */,
			);
			path = Shared;
			sourceTree = "<group>";
		};
		741B3A492213596700263B10 /* Products Module */ = {
			isa = PBXGroup;
			children = (
				741B3A6422135B4400263B10 /* Router */,
				741B3A6322135B4200263B10 /* Entity */,
				741B3A6222135B3F00263B10 /* Interactor */,
				741B3A6122135B3D00263B10 /* Presenter */,
				741B3A6022135B3A00263B10 /* View */,
			);
			path = "Products Module";
			sourceTree = "<group>";
		};
		741B3A5622135A2600263B10 /* Entity */ = {
			isa = PBXGroup;
			children = (
				741B3A5A22135ABC00263B10 /* Constants.swift */,
				741B3A5C22135ACA00263B10 /* Extentions.swift */,
				741B3A5E22135AE100263B10 /* APIClient.swift */,
			);
			path = Entity;
			sourceTree = "<group>";
		};
		741B3A6022135B3A00263B10 /* View */ = {
			isa = PBXGroup;
			children = (
				741B3A6D22135C7200263B10 /* ProductsListViewController.swift */,
				741B3A6E22135C7200263B10 /* ProductsListViewController.xib */,
				741B3A7122135C8500263B10 /* ProductDetailsViewController.swift */,
				741B3A7222135C8500263B10 /* ProductDetailsViewController.xib */,
			);
			path = View;
			sourceTree = "<group>";
		};
		741B3A6122135B3D00263B10 /* Presenter */ = {
			isa = PBXGroup;
			children = (
				741B3A6B22135C2A00263B10 /* ProductsPresenter.swift */,
			);
			path = Presenter;
			sourceTree = "<group>";
		};
		741B3A6222135B3F00263B10 /* Interactor */ = {
			isa = PBXGroup;
			children = (
				741B3A6922135C1700263B10 /* ProductsInteractor.swift */,
			);
			path = Interactor;
			sourceTree = "<group>";
		};
		741B3A6322135B4200263B10 /* Entity */ = {
			isa = PBXGroup;
			children = (
				741B3A6722135BFE00263B10 /* Product.swift */,
			);
			path = Entity;
			sourceTree = "<group>";
		};
		741B3A6422135B4400263B10 /* Router */ = {
			isa = PBXGroup;
			children = (
				741B3A6522135BD800263B10 /* ProductsWireframe.swift */,
			);
			path = Router;
			sourceTree = "<group>";
		};
/* End PBXGroup section */

/* Begin PBXNativeTarget section */
		741B3A2E2213590900263B10 /* g-gmbh-challenge */ = {
			isa = PBXNativeTarget;
			buildConfigurationList = 741B3A442213590B00263B10 /* Build configuration list for PBXNativeTarget "g-gmbh-challenge" */;
			buildPhases = (
				741B3A2B2213590900263B10 /* Sources */,
				741B3A2C2213590900263B10 /* Frameworks */,
				741B3A2D2213590900263B10 /* Resources */,
			);
			buildRules = (
			);
			dependencies = (
			);
			name = "g-gmbh-challenge";
			productName = "g-gmbh-challenge";
			productReference = 741B3A2F2213590900263B10 /* g-gmbh-challenge.app */;
			productType = "com.apple.product-type.application";
		};
/* End PBXNativeTarget section */

/* Begin PBXProject section */
		741B3A272213590900263B10 /* Project object */ = {
			isa = PBXProject;
			attributes = {
				LastSwiftUpdateCheck = 1010;
				LastUpgradeCheck = 1010;
				ORGANIZATIONNAME = "Omar Samir";
				TargetAttributes = {
					741B3A2E2213590900263B10 = {
						CreatedOnToolsVersion = 10.1;
					};
				};
			};
			buildConfigurationList = 741B3A2A2213590900263B10 /* Build configuration list for PBXProject "g-gmbh-challenge" */;
			compatibilityVersion = "Xcode 9.3";
			developmentRegion = en;
			hasScannedForEncodings = 0;
			knownRegions = (
				en,
				Base,
			);
			mainGroup = 741B3A262213590900263B10;
			productRefGroup = 741B3A302213590900263B10 /* Products */;
			projectDirPath = "";
			projectRoot = "";
			targets = (
				741B3A2E2213590900263B10 /* g-gmbh-challenge */,
			);
		};
/* End PBXProject section */

/* Begin PBXResourcesBuildPhase section */
		741B3A2D2213590900263B10 /* Resources */ = {
			isa = PBXResourcesBuildPhase;
			buildActionMask = 2147483647;
			files = (
				741B3A402213590B00263B10 /* LaunchScreen.storyboard in Resources */,
				741B3A3D2213590B00263B10 /* Assets.xcassets in Resources */,
				741B3A7422135C8500263B10 /* ProductDetailsViewController.xib in Resources */,
				741B3A7022135C7200263B10 /* ProductsListViewController.xib in Resources */,
				741B3A382213590900263B10 /* Main.storyboard in Resources */,
			);
			runOnlyForDeploymentPostprocessing = 0;
		};
/* End PBXResourcesBuildPhase section */

/* Begin PBXSourcesBuildPhase section */
		741B3A2B2213590900263B10 /* Sources */ = {
			isa = PBXSourcesBuildPhase;
			buildActionMask = 2147483647;
			files = (
				741B3A6622135BD800263B10 /* ProductsWireframe.swift in Sources */,
				741B3A352213590900263B10 /* ViewController.swift in Sources */,
				741B3A4D221359B500263B10 /* BasePresenter.swift in Sources */,
				741B3A5D22135ACA00263B10 /* Extentions.swift in Sources */,
				741B3A6F22135C7200263B10 /* ProductsListViewController.swift in Sources */,
				741B3A332213590900263B10 /* AppDelegate.swift in Sources */,
				741B3A3B2213590900263B10 /* g_gmbh_challenge.xcdatamodeld in Sources */,
				741B3A6A22135C1700263B10 /* ProductsInteractor.swift in Sources */,
				741B3A5F22135AE100263B10 /* APIClient.swift in Sources */,
				741B3A7322135C8500263B10 /* ProductDetailsViewController.swift in Sources */,
				741B3A51221359CF00263B10 /* BaseWireframe.swift in Sources */,
				741B3A53221359DD00263B10 /* BaseViewController.swift in Sources */,
				741B3A4B221359A600263B10 /* BaseEntity.swift in Sources */,
				741B3A4F221359C100263B10 /* BaseInteractor.swift in Sources */,
				741B3A6C22135C2A00263B10 /* ProductsPresenter.swift in Sources */,
				741B3A5B22135ABC00263B10 /* Constants.swift in Sources */,
				741B3A6822135BFE00263B10 /* Product.swift in Sources */,
			);
			runOnlyForDeploymentPostprocessing = 0;
		};
/* End PBXSourcesBuildPhase section */

/* Begin PBXVariantGroup section */
		741B3A362213590900263B10 /* Main.storyboard */ = {
			isa = PBXVariantGroup;
			children = (
				741B3A372213590900263B10 /* Base */,
			);
			name = Main.storyboard;
			sourceTree = "<group>";
		};
		741B3A3E2213590B00263B10 /* LaunchScreen.storyboard */ = {
			isa = PBXVariantGroup;
			children = (
				741B3A3F2213590B00263B10 /* Base */,
			);
			name = LaunchScreen.storyboard;
			sourceTree = "<group>";
		};
/* End PBXVariantGroup section */

/* Begin XCBuildConfiguration section */
		741B3A422213590B00263B10 /* Debug */ = {
			isa = XCBuildConfiguration;
			buildSettings = {
				ALWAYS_SEARCH_USER_PATHS = NO;
				CLANG_ANALYZER_NONNULL = YES;
				CLANG_ANALYZER_NUMBER_OBJECT_CONVERSION = YES_AGGRESSIVE;
				CLANG_CXX_LANGUAGE_STANDARD = "gnu++14";
				CLANG_CXX_LIBRARY = "libc++";
				CLANG_ENABLE_MODULES = YES;
				CLANG_ENABLE_OBJC_ARC = YES;
				CLANG_ENABLE_OBJC_WEAK = YES;
				CLANG_WARN_BLOCK_CAPTURE_AUTORELEASING = YES;
				CLANG_WARN_BOOL_CONVERSION = YES;
				CLANG_WARN_COMMA = YES;
				CLANG_WARN_CONSTANT_CONVERSION = YES;
				CLANG_WARN_DEPRECATED_OBJC_IMPLEMENTATIONS = YES;
				CLANG_WARN_DIRECT_OBJC_ISA_USAGE = YES_ERROR;
				CLANG_WARN_DOCUMENTATION_COMMENTS = YES;
				CLANG_WARN_EMPTY_BODY = YES;
				CLANG_WARN_ENUM_CONVERSION = YES;
				CLANG_WARN_INFINITE_RECURSION = YES;
				CLANG_WARN_INT_CONVERSION = YES;
				CLANG_WARN_NON_LITERAL_NULL_CONVERSION = YES;
				CLANG_WARN_OBJC_IMPLICIT_RETAIN_SELF = YES;
				CLANG_WARN_OBJC_LITERAL_CONVERSION = YES;
				CLANG_WARN_OBJC_ROOT_CLASS = YES_ERROR;
				CLANG_WARN_RANGE_LOOP_ANALYSIS = YES;
				CLANG_WARN_STRICT_PROTOTYPES = YES;
				CLANG_WARN_SUSPICIOUS_MOVE = YES;
				CLANG_WARN_UNGUARDED_AVAILABILITY = YES_AGGRESSIVE;
				CLANG_WARN_UNREACHABLE_CODE = YES;
				CLANG_WARN__DUPLICATE_METHOD_MATCH = YES;
				CODE_SIGN_IDENTITY = "iPhone Developer";
				COPY_PHASE_STRIP = NO;
				DEBUG_INFORMATION_FORMAT = dwarf;
				ENABLE_STRICT_OBJC_MSGSEND = YES;
				ENABLE_TESTABILITY = YES;
				GCC_C_LANGUAGE_STANDARD = gnu11;
				GCC_DYNAMIC_NO_PIC = NO;
				GCC_NO_COMMON_BLOCKS = YES;
				GCC_OPTIMIZATION_LEVEL = 0;
				GCC_PREPROCESSOR_DEFINITIONS = (
					"DEBUG=1",
					"$(inherited)",
				);
				GCC_WARN_64_TO_32_BIT_CONVERSION = YES;
				GCC_WARN_ABOUT_RETURN_TYPE = YES_ERROR;
				GCC_WARN_UNDECLARED_SELECTOR = YES;
				GCC_WARN_UNINITIALIZED_AUTOS = YES_AGGRESSIVE;
				GCC_WARN_UNUSED_FUNCTION = YES;
				GCC_WARN_UNUSED_VARIABLE = YES;
				IPHONEOS_DEPLOYMENT_TARGET = 12.1;
				MTL_ENABLE_DEBUG_INFO = INCLUDE_SOURCE;
				MTL_FAST_MATH = YES;
				ONLY_ACTIVE_ARCH = YES;
				SDKROOT = iphoneos;
				SWIFT_ACTIVE_COMPILATION_CONDITIONS = DEBUG;
				SWIFT_OPTIMIZATION_LEVEL = "-Onone";
			};
			name = Debug;
		};
		741B3A432213590B00263B10 /* Release */ = {
			isa = XCBuildConfiguration;
			buildSettings = {
				ALWAYS_SEARCH_USER_PATHS = NO;
				CLANG_ANALYZER_NONNULL = YES;
				CLANG_ANALYZER_NUMBER_OBJECT_CONVERSION = YES_AGGRESSIVE;
				CLANG_CXX_LANGUAGE_STANDARD = "gnu++14";
				CLANG_CXX_LIBRARY = "libc++";
				CLANG_ENABLE_MODULES = YES;
				CLANG_ENABLE_OBJC_ARC = YES;
				CLANG_ENABLE_OBJC_WEAK = YES;
				CLANG_WARN_BLOCK_CAPTURE_AUTORELEASING = YES;
				CLANG_WARN_BOOL_CONVERSION = YES;
				CLANG_WARN_COMMA = YES;
				CLANG_WARN_CONSTANT_CONVERSION = YES;
				CLANG_WARN_DEPRECATED_OBJC_IMPLEMENTATIONS = YES;
				CLANG_WARN_DIRECT_OBJC_ISA_USAGE = YES_ERROR;
				CLANG_WARN_DOCUMENTATION_COMMENTS = YES;
				CLANG_WARN_EMPTY_BODY = YES;
				CLANG_WARN_ENUM_CONVERSION = YES;
				CLANG_WARN_INFINITE_RECURSION = YES;
				CLANG_WARN_INT_CONVERSION = YES;
				CLANG_WARN_NON_LITERAL_NULL_CONVERSION = YES;
				CLANG_WARN_OBJC_IMPLICIT_RETAIN_SELF = YES;
				CLANG_WARN_OBJC_LITERAL_CONVERSION = YES;
				CLANG_WARN_OBJC_ROOT_CLASS = YES_ERROR;
				CLANG_WARN_RANGE_LOOP_ANALYSIS = YES;
				CLANG_WARN_STRICT_PROTOTYPES = YES;
				CLANG_WARN_SUSPICIOUS_MOVE = YES;
				CLANG_WARN_UNGUARDED_AVAILABILITY = YES_AGGRESSIVE;
				CLANG_WARN_UNREACHABLE_CODE = YES;
				CLANG_WARN__DUPLICATE_METHOD_MATCH = YES;
				CODE_SIGN_IDENTITY = "iPhone Developer";
				COPY_PHASE_STRIP = NO;
				DEBUG_INFORMATION_FORMAT = "dwarf-with-dsym";
				ENABLE_NS_ASSERTIONS = NO;
				ENABLE_STRICT_OBJC_MSGSEND = YES;
				GCC_C_LANGUAGE_STANDARD = gnu11;
				GCC_NO_COMMON_BLOCKS = YES;
				GCC_WARN_64_TO_32_BIT_CONVERSION = YES;
				GCC_WARN_ABOUT_RETURN_TYPE = YES_ERROR;
				GCC_WARN_UNDECLARED_SELECTOR = YES;
				GCC_WARN_UNINITIALIZED_AUTOS = YES_AGGRESSIVE;
				GCC_WARN_UNUSED_FUNCTION = YES;
				GCC_WARN_UNUSED_VARIABLE = YES;
				IPHONEOS_DEPLOYMENT_TARGET = 12.1;
				MTL_ENABLE_DEBUG_INFO = NO;
				MTL_FAST_MATH = YES;
				SDKROOT = iphoneos;
				SWIFT_COMPILATION_MODE = wholemodule;
				SWIFT_OPTIMIZATION_LEVEL = "-O";
				VALIDATE_PRODUCT = YES;
			};
			name = Release;
		};
		741B3A452213590B00263B10 /* Debug */ = {
			isa = XCBuildConfiguration;
			buildSettings = {
				ASSETCATALOG_COMPILER_APPICON_NAME = AppIcon;
				CODE_SIGN_STYLE = Automatic;
				INFOPLIST_FILE = "g-gmbh-challenge/Info.plist";
				LD_RUNPATH_SEARCH_PATHS = (
					"$(inherited)",
					"@executable_path/Frameworks",
				);
				PRODUCT_BUNDLE_IDENTIFIER = "omar.g-gmbh-challenge";
				PRODUCT_NAME = "$(TARGET_NAME)";
				SWIFT_VERSION = 4.2;
				TARGETED_DEVICE_FAMILY = "1,2";
			};
			name = Debug;
		};
		741B3A462213590B00263B10 /* Release */ = {
			isa = XCBuildConfiguration;
			buildSettings = {
				ASSETCATALOG_COMPILER_APPICON_NAME = AppIcon;
				CODE_SIGN_STYLE = Automatic;
				INFOPLIST_FILE = "g-gmbh-challenge/Info.plist";
				LD_RUNPATH_SEARCH_PATHS = (
					"$(inherited)",
					"@executable_path/Frameworks",
				);
				PRODUCT_BUNDLE_IDENTIFIER = "omar.g-gmbh-challenge";
				PRODUCT_NAME = "$(TARGET_NAME)";
				SWIFT_VERSION = 4.2;
				TARGETED_DEVICE_FAMILY = "1,2";
			};
			name = Release;
		};
/* End XCBuildConfiguration section */

/* Begin XCConfigurationList section */
		741B3A2A2213590900263B10 /* Build configuration list for PBXProject "g-gmbh-challenge" */ = {
			isa = XCConfigurationList;
			buildConfigurations = (
				741B3A422213590B00263B10 /* Debug */,
				741B3A432213590B00263B10 /* Release */,
			);
			defaultConfigurationIsVisible = 0;
			defaultConfigurationName = Release;
		};
		741B3A442213590B00263B10 /* Build configuration list for PBXNativeTarget "g-gmbh-challenge" */ = {
			isa = XCConfigurationList;
			buildConfigurations = (
				741B3A452213590B00263B10 /* Debug */,
				741B3A462213590B00263B10 /* Release */,
			);
			defaultConfigurationIsVisible = 0;
			defaultConfigurationName = Release;
		};
/* End XCConfigurationList section */

/* Begin XCVersionGroup section */
		741B3A392213590900263B10 /* g_gmbh_challenge.xcdatamodeld */ = {
			isa = XCVersionGroup;
			children = (
				741B3A3A2213590900263B10 /* g_gmbh_challenge.xcdatamodel */,
			);
			currentVersion = 741B3A3A2213590900263B10 /* g_gmbh_challenge.xcdatamodel */;
			path = g_gmbh_challenge.xcdatamodeld;
			sourceTree = "<group>";
			versionGroupType = wrapper.xcdatamodel;
		};
/* End XCVersionGroup section */
	};
	rootObject = 741B3A272213590900263B10 /* Project object */;
}
